
Microsoft Visual Studio Solution File, Format Version 12.00
# Visual Studio 2012
Project("{FAE04EC0-301F-11D3-BF4B-00C04F79EFBC}") = "CaixaSimples", "CaixaSimples\CaixaSimples.csproj", "{5860C711-30C7-4243-A2AC-68E6D01190CE}"
EndProject
Project("{FAE04EC0-301F-11D3-BF4B-00C04F79EFBC}") = "SistemaShekinahCompleto", "SistemaShekinahCompleto\SistemaShekinahCompleto.csproj", "{98CBFFE4-1DF3-40AF-B2FD-E9D8137621D0}"
EndProject
Project("{FAE04EC0-301F-11D3-BF4B-00C04F79EFBC}") = "SistemaShekinahCompleto.DAO", "SistemaShekinahCompleto.DAO\SistemaShekinahCompleto.DAO.csproj", "{6817953E-F76C-47A6-BB36-8705F9F6665B}"
EndProject
Project("{FAE04EC0-301F-11D3-BF4B-00C04F79EFBC}") = "SistemaShekinahCompleto.Model", "SistemaShekinahCompleto.Model\SistemaShekinahCompleto.Model.csproj", "{D721056C-3CF9-4923-889C-78778844A500}"
EndProject
Project("{FAE04EC0-301F-11D3-BF4B-00C04F79EFBC}") = "SistemaShekinahCompleto.Entidades", "SistemaShekinahCompleto.Entidades\SistemaShekinahCompleto.Entidades.csproj", "{AC1C009E-CC88-442E-99B3-4563D0108B7C}"
EndProject
Project("{FAE04EC0-301F-11D3-BF4B-00C04F79EFBC}") = "SistemaProfissinalShekinah", "SistemaProfissionalShekianh\SistemaProfissinalShekinah.csproj", "{F0DB7235-EB8D-4A35-B2E6-3AAC929A38DE}"
EndProject
Global
	GlobalSection(SolutionConfigurationPlatforms) = preSolution
		All|Any CPU = All|Any CPU
		All|x86 = All|x86
		CD_ROM|Any CPU = CD_ROM|Any CPU
		CD_ROM|x86 = CD_ROM|x86
		Debug|Any CPU = Debug|Any CPU
		Debug|x86 = Debug|x86
		DVD-5|Any CPU = DVD-5|Any CPU
		DVD-5|x86 = DVD-5|x86
		Release|Any CPU = Release|Any CPU
		Release|x86 = Release|x86
		SingleImage|Any CPU = SingleImage|Any CPU
		SingleImage|x86 = SingleImage|x86
	EndGlobalSection
	GlobalSection(ProjectConfigurationPlatforms) = postSolution
		{5860C711-30C7-4243-A2AC-68E6D01190CE}.All|Any CPU.ActiveCfg = Release|Any CPU
		{5860C711-30C7-4243-A2AC-68E6D01190CE}.All|Any CPU.Build.0 = Release|Any CPU
		{5860C711-30C7-4243-A2AC-68E6D01190CE}.All|x86.ActiveCfg = Release|x86
		{5860C711-30C7-4243-A2AC-68E6D01190CE}.All|x86.Build.0 = Release|x86
		{5860C711-30C7-4243-A2AC-68E6D01190CE}.CD_ROM|Any CPU.ActiveCfg = Debug|Any CPU
		{5860C711-30C7-4243-A2AC-68E6D01190CE}.CD_ROM|Any CPU.Build.0 = Debug|Any CPU
		{5860C711-30C7-4243-A2AC-68E6D01190CE}.CD_ROM|x86.ActiveCfg = Release|x86
		{5860C711-30C7-4243-A2AC-68E6D01190CE}.CD_ROM|x86.Build.0 = Release|x86
		{5860C711-30C7-4243-A2AC-68E6D01190CE}.Debug|Any CPU.ActiveCfg = Debug|Any CPU
		{5860C711-30C7-4243-A2AC-68E6D01190CE}.Debug|Any CPU.Build.0 = Debug|Any CPU
		{5860C711-30C7-4243-A2AC-68E6D01190CE}.Debug|x86.ActiveCfg = Debug|x86
		{5860C711-30C7-4243-A2AC-68E6D01190CE}.Debug|x86.Build.0 = Debug|x86
		{5860C711-30C7-4243-A2AC-68E6D01190CE}.DVD-5|Any CPU.ActiveCfg = Debug|Any CPU
		{5860C711-30C7-4243-A2AC-68E6D01190CE}.DVD-5|Any CPU.Build.0 = Debug|Any CPU
		{5860C711-30C7-4243-A2AC-68E6D01190CE}.DVD-5|x86.ActiveCfg = Debug|x86
		{5860C711-30C7-4243-A2AC-68E6D01190CE}.DVD-5|x86.Build.0 = Debug|x86
		{5860C711-30C7-4243-A2AC-68E6D01190CE}.Release|Any CPU.ActiveCfg = Release|Any CPU
		{5860C711-30C7-4243-A2AC-68E6D01190CE}.Release|Any CPU.Build.0 = Release|Any CPU
		{5860C711-30C7-4243-A2AC-68E6D01190CE}.Release|x86.ActiveCfg = Release|x86
		{5860C711-30C7-4243-A2AC-68E6D01190CE}.Release|x86.Build.0 = Release|x86
		{5860C711-30C7-4243-A2AC-68E6D01190CE}.SingleImage|Any CPU.ActiveCfg = Debug|Any CPU
		{5860C711-30C7-4243-A2AC-68E6D01190CE}.SingleImage|Any CPU.Build.0 = Debug|Any CPU
		{5860C711-30C7-4243-A2AC-68E6D01190CE}.SingleImage|x86.ActiveCfg = Release|x86
		{5860C711-30C7-4243-A2AC-68E6D01190CE}.SingleImage|x86.Build.0 = Release|x86
		{98CBFFE4-1DF3-40AF-B2FD-E9D8137621D0}.All|Any CPU.ActiveCfg = Release|Any CPU
		{98CBFFE4-1DF3-40AF-B2FD-E9D8137621D0}.All|Any CPU.Build.0 = Release|Any CPU
		{98CBFFE4-1DF3-40AF-B2FD-E9D8137621D0}.All|x86.ActiveCfg = Release|Any CPU
		{98CBFFE4-1DF3-40AF-B2FD-E9D8137621D0}.CD_ROM|Any CPU.ActiveCfg = Release|Any CPU
		{98CBFFE4-1DF3-40AF-B2FD-E9D8137621D0}.CD_ROM|Any CPU.Build.0 = Release|Any CPU
		{98CBFFE4-1DF3-40AF-B2FD-E9D8137621D0}.CD_ROM|x86.ActiveCfg = Release|Any CPU
		{98CBFFE4-1DF3-40AF-B2FD-E9D8137621D0}.Debug|Any CPU.ActiveCfg = Debug|Any CPU
		{98CBFFE4-1DF3-40AF-B2FD-E9D8137621D0}.Debug|Any CPU.Build.0 = Debug|Any CPU
		{98CBFFE4-1DF3-40AF-B2FD-E9D8137621D0}.Debug|x86.ActiveCfg = Debug|Any CPU
		{98CBFFE4-1DF3-40AF-B2FD-E9D8137621D0}.DVD-5|Any CPU.ActiveCfg = Debug|Any CPU
		{98CBFFE4-1DF3-40AF-B2FD-E9D8137621D0}.DVD-5|Any CPU.Build.0 = Debug|Any CPU
		{98CBFFE4-1DF3-40AF-B2FD-E9D8137621D0}.DVD-5|x86.ActiveCfg = Debug|Any CPU
		{98CBFFE4-1DF3-40AF-B2FD-E9D8137621D0}.Release|Any CPU.ActiveCfg = Release|Any CPU
		{98CBFFE4-1DF3-40AF-B2FD-E9D8137621D0}.Release|Any CPU.Build.0 = Release|Any CPU
		{98CBFFE4-1DF3-40AF-B2FD-E9D8137621D0}.Release|x86.ActiveCfg = Release|Any CPU
		{98CBFFE4-1DF3-40AF-B2FD-E9D8137621D0}.SingleImage|Any CPU.ActiveCfg = Release|Any CPU
		{98CBFFE4-1DF3-40AF-B2FD-E9D8137621D0}.SingleImage|Any CPU.Build.0 = Release|Any CPU
		{98CBFFE4-1DF3-40AF-B2FD-E9D8137621D0}.SingleImage|x86.ActiveCfg = Release|Any CPU
		{6817953E-F76C-47A6-BB36-8705F9F6665B}.All|Any CPU.ActiveCfg = Release|Any CPU
		{6817953E-F76C-47A6-BB36-8705F9F6665B}.All|Any CPU.Build.0 = Release|Any CPU
		{6817953E-F76C-47A6-BB36-8705F9F6665B}.All|x86.ActiveCfg = Release|Any CPU
		{6817953E-F76C-47A6-BB36-8705F9F6665B}.CD_ROM|Any CPU.ActiveCfg = Release|Any CPU
		{6817953E-F76C-47A6-BB36-8705F9F6665B}.CD_ROM|Any CPU.Build.0 = Release|Any CPU
		{6817953E-F76C-47A6-BB36-8705F9F6665B}.CD_ROM|x86.ActiveCfg = Release|Any CPU
		{6817953E-F76C-47A6-BB36-8705F9F6665B}.Debug|Any CPU.ActiveCfg = Debug|Any CPU
		{6817953E-F76C-47A6-BB36-8705F9F6665B}.Debug|Any CPU.Build.0 = Debug|Any CPU
		{6817953E-F76C-47A6-BB36-8705F9F6665B}.Debug|x86.ActiveCfg = Debug|Any CPU
		{6817953E-F76C-47A6-BB36-8705F9F6665B}.DVD-5|Any CPU.ActiveCfg = Debug|Any CPU
		{6817953E-F76C-47A6-BB36-8705F9F6665B}.DVD-5|Any CPU.Build.0 = Debug|Any CPU
		{6817953E-F76C-47A6-BB36-8705F9F6665B}.DVD-5|x86.ActiveCfg = Debug|Any CPU
		{6817953E-F76C-47A6-BB36-8705F9F6665B}.Release|Any CPU.ActiveCfg = Release|Any CPU
		{6817953E-F76C-47A6-BB36-8705F9F6665B}.Release|Any CPU.Build.0 = Release|Any CPU
		{6817953E-F76C-47A6-BB36-8705F9F6665B}.Release|x86.ActiveCfg = Release|Any CPU
		{6817953E-F76C-47A6-BB36-8705F9F6665B}.SingleImage|Any CPU.ActiveCfg = Release|Any CPU
		{6817953E-F76C-47A6-BB36-8705F9F6665B}.SingleImage|Any CPU.Build.0 = Release|Any CPU
		{6817953E-F76C-47A6-BB36-8705F9F6665B}.SingleImage|x86.ActiveCfg = Release|Any CPU
		{D721056C-3CF9-4923-889C-78778844A500}.All|Any CPU.ActiveCfg = Release|Any CPU
		{D721056C-3CF9-4923-889C-78778844A500}.All|Any CPU.Build.0 = Release|Any CPU
		{D721056C-3CF9-4923-889C-78778844A500}.All|x86.ActiveCfg = Release|Any CPU
		{D721056C-3CF9-4923-889C-78778844A500}.CD_ROM|Any CPU.ActiveCfg = Release|Any CPU
		{D721056C-3CF9-4923-889C-78778844A500}.CD_ROM|Any CPU.Build.0 = Release|Any CPU
		{D721056C-3CF9-4923-889C-78778844A500}.CD_ROM|x86.ActiveCfg = Release|Any CPU
		{D721056C-3CF9-4923-889C-78778844A500}.Debug|Any CPU.ActiveCfg = Debug|Any CPU
		{D721056C-3CF9-4923-889C-78778844A500}.Debug|Any CPU.Build.0 = Debug|Any CPU
		{D721056C-3CF9-4923-889C-78778844A500}.Debug|x86.ActiveCfg = Debug|Any CPU
		{D721056C-3CF9-4923-889C-78778844A500}.DVD-5|Any CPU.ActiveCfg = Debug|Any CPU
		{D721056C-3CF9-4923-889C-78778844A500}.DVD-5|Any CPU.Build.0 = Debug|Any CPU
		{D721056C-3CF9-4923-889C-78778844A500}.DVD-5|x86.ActiveCfg = Debug|Any CPU
		{D721056C-3CF9-4923-889C-78778844A500}.Release|Any CPU.ActiveCfg = Release|Any CPU
		{D721056C-3CF9-4923-889C-78778844A500}.Release|Any CPU.Build.0 = Release|Any CPU
		{D721056C-3CF9-4923-889C-78778844A500}.Release|x86.ActiveCfg = Release|Any CPU
		{D721056C-3CF9-4923-889C-78778844A500}.SingleImage|Any CPU.ActiveCfg = Release|Any CPU
		{D721056C-3CF9-4923-889C-78778844A500}.SingleImage|Any CPU.Build.0 = Release|Any CPU
		{D721056C-3CF9-4923-889C-78778844A500}.SingleImage|x86.ActiveCfg = Release|Any CPU
		{AC1C009E-CC88-442E-99B3-4563D0108B7C}.All|Any CPU.ActiveCfg = Release|Any CPU
		{AC1C009E-CC88-442E-99B3-4563D0108B7C}.All|Any CPU.Build.0 = Release|Any CPU
		{AC1C009E-CC88-442E-99B3-4563D0108B7C}.All|x86.ActiveCfg = Release|Any CPU
		{AC1C009E-CC88-442E-99B3-4563D0108B7C}.CD_ROM|Any CPU.ActiveCfg = Release|Any CPU
		{AC1C009E-CC88-442E-99B3-4563D0108B7C}.CD_ROM|Any CPU.Build.0 = Release|Any CPU
		{AC1C009E-CC88-442E-99B3-4563D0108B7C}.CD_ROM|x86.ActiveCfg = Release|Any CPU
		{AC1C009E-CC88-442E-99B3-4563D0108B7C}.Debug|Any CPU.ActiveCfg = Debug|Any CPU
		{AC1C009E-CC88-442E-99B3-4563D0108B7C}.Debug|Any CPU.Build.0 = Debug|Any CPU
		{AC1C009E-CC88-442E-99B3-4563D0108B7C}.Debug|x86.ActiveCfg = Debug|Any CPU
		{AC1C009E-CC88-442E-99B3-4563D0108B7C}.DVD-5|Any CPU.ActiveCfg = Debug|Any CPU
		{AC1C009E-CC88-442E-99B3-4563D0108B7C}.DVD-5|Any CPU.Build.0 = Debug|Any CPU
		{AC1C009E-CC88-442E-99B3-4563D0108B7C}.DVD-5|x86.ActiveCfg = Debug|Any CPU
		{AC1C009E-CC88-442E-99B3-4563D0108B7C}.Release|Any CPU.ActiveCfg = Release|Any CPU
		{AC1C009E-CC88-442E-99B3-4563D0108B7C}.Release|Any CPU.Build.0 = Release|Any CPU
		{AC1C009E-CC88-442E-99B3-4563D0108B7C}.Release|x86.ActiveCfg = Release|Any CPU
		{AC1C009E-CC88-442E-99B3-4563D0108B7C}.SingleImage|Any CPU.ActiveCfg = Release|Any CPU
		{AC1C009E-CC88-442E-99B3-4563D0108B7C}.SingleImage|Any CPU.Build.0 = Release|Any CPU
		{AC1C009E-CC88-442E-99B3-4563D0108B7C}.SingleImage|x86.ActiveCfg = Release|Any CPU
		{F0DB7235-EB8D-4A35-B2E6-3AAC929A38DE}.All|Any CPU.ActiveCfg = Release|Any CPU
		{F0DB7235-EB8D-4A35-B2E6-3AAC929A38DE}.All|Any CPU.Build.0 = Release|Any CPU
		{F0DB7235-EB8D-4A35-B2E6-3AAC929A38DE}.All|x86.ActiveCfg = Release|Any CPU
		{F0DB7235-EB8D-4A35-B2E6-3AAC929A38DE}.CD_ROM|Any CPU.ActiveCfg = Release|Any CPU
		{F0DB7235-EB8D-4A35-B2E6-3AAC929A38DE}.CD_ROM|Any CPU.Build.0 = Release|Any CPU
		{F0DB7235-EB8D-4A35-B2E6-3AAC929A38DE}.CD_ROM|x86.ActiveCfg = Release|Any CPU
		{F0DB7235-EB8D-4A35-B2E6-3AAC929A38DE}.Debug|Any CPU.ActiveCfg = Debug|Any CPU
		{F0DB7235-EB8D-4A35-B2E6-3AAC929A38DE}.Debug|Any CPU.Build.0 = Debug|Any CPU
		{F0DB7235-EB8D-4A35-B2E6-3AAC929A38DE}.Debug|x86.ActiveCfg = Debug|Any CPU
		{F0DB7235-EB8D-4A35-B2E6-3AAC929A38DE}.DVD-5|Any CPU.ActiveCfg = Debug|Any CPU
		{F0DB7235-EB8D-4A35-B2E6-3AAC929A38DE}.DVD-5|Any CPU.Build.0 = Debug|Any CPU
		{F0DB7235-EB8D-4A35-B2E6-3AAC929A38DE}.DVD-5|x86.ActiveCfg = Debug|Any CPU
		{F0DB7235-EB8D-4A35-B2E6-3AAC929A38DE}.Release|Any CPU.ActiveCfg = Release|Any CPU
		{F0DB7235-EB8D-4A35-B2E6-3AAC929A38DE}.Release|Any CPU.Build.0 = Release|Any CPU
		{F0DB7235-EB8D-4A35-B2E6-3AAC929A38DE}.Release|x86.ActiveCfg = Release|Any CPU
		{F0DB7235-EB8D-4A35-B2E6-3AAC929A38DE}.SingleImage|Any CPU.ActiveCfg = Release|Any CPU
		{F0DB7235-EB8D-4A35-B2E6-3AAC929A38DE}.SingleImage|Any CPU.Build.0 = Release|Any CPU
		{F0DB7235-EB8D-4A35-B2E6-3AAC929A38DE}.SingleImage|x86.ActiveCfg = Release|Any CPU
	EndGlobalSection
	GlobalSection(SolutionProperties) = preSolution
		HideSolutionNode = FALSE
	EndGlobalSection
	GlobalSection(ExtensibilityGlobals) = postSolution
		SolutionGuid = {BE28BA37-055E-4BE1-ADA1-896D5C5AF162}
	EndGlobalSection
EndGlobal
