
Microsoft Visual Studio Solution File, Format Version 12.00
# Visual Studio 15
VisualStudioVersion = 15.0.28307.572
MinimumVisualStudioVersion = 10.0.40219.1
Project("{FAE04EC0-301F-11D3-BF4B-00C04F79EFBC}") = "LancaoNotaForm", "LancaoNotaForm\LancaoNotaForm.csproj", "{4FE2ACE0-2C26-4695-B406-494771AF3641}"
EndProject
Project("{54435603-DBB4-11D2-8724-00A0C9A8B90C}") = "SetupLancaNotas", "SetupLancaNotas\SetupLancaNotas.vdproj", "{0F10BD39-0EB9-4161-88D7-D5D322C4A0B8}"
EndProject
Global
	GlobalSection(SolutionConfigurationPlatforms) = preSolution
		Debug|Any CPU = Debug|Any CPU
		Debug|x64 = Debug|x64
		Debug|x86 = Debug|x86
		Release|Any CPU = Release|Any CPU
		Release|x64 = Release|x64
		Release|x86 = Release|x86
	EndGlobalSection
	GlobalSection(ProjectConfigurationPlatforms) = postSolution
		{4FE2ACE0-2C26-4695-B406-494771AF3641}.Debug|Any CPU.ActiveCfg = Debug|Any CPU
		{4FE2ACE0-2C26-4695-B406-494771AF3641}.Debug|Any CPU.Build.0 = Debug|Any CPU
		{4FE2ACE0-2C26-4695-B406-494771AF3641}.Debug|x64.ActiveCfg = Debug|x64
		{4FE2ACE0-2C26-4695-B406-494771AF3641}.Debug|x64.Build.0 = Debug|x64
		{4FE2ACE0-2C26-4695-B406-494771AF3641}.Debug|x86.ActiveCfg = Debug|x86
		{4FE2ACE0-2C26-4695-B406-494771AF3641}.Debug|x86.Build.0 = Debug|x86
		{4FE2ACE0-2C26-4695-B406-494771AF3641}.Release|Any CPU.ActiveCfg = Release|Any CPU
		{4FE2ACE0-2C26-4695-B406-494771AF3641}.Release|Any CPU.Build.0 = Release|Any CPU
		{4FE2ACE0-2C26-4695-B406-494771AF3641}.Release|x64.ActiveCfg = Release|x64
		{4FE2ACE0-2C26-4695-B406-494771AF3641}.Release|x64.Build.0 = Release|x64
		{4FE2ACE0-2C26-4695-B406-494771AF3641}.Release|x86.ActiveCfg = Release|x86
		{4FE2ACE0-2C26-4695-B406-494771AF3641}.Release|x86.Build.0 = Release|x86
		{0F10BD39-0EB9-4161-88D7-D5D322C4A0B8}.Debug|Any CPU.ActiveCfg = Debug
		{0F10BD39-0EB9-4161-88D7-D5D322C4A0B8}.Debug|x64.ActiveCfg = Debug
		{0F10BD39-0EB9-4161-88D7-D5D322C4A0B8}.Debug|x86.ActiveCfg = Debug
		{0F10BD39-0EB9-4161-88D7-D5D322C4A0B8}.Release|Any CPU.ActiveCfg = Release
		{0F10BD39-0EB9-4161-88D7-D5D322C4A0B8}.Release|x64.ActiveCfg = Release
		{0F10BD39-0EB9-4161-88D7-D5D322C4A0B8}.Release|x86.ActiveCfg = Release
	EndGlobalSection
	GlobalSection(SolutionProperties) = preSolution
		HideSolutionNode = FALSE
	EndGlobalSection
	GlobalSection(ExtensibilityGlobals) = postSolution
		SolutionGuid = {150BD1EC-F49D-4547-AC10-185E06CAB0C4}
	EndGlobalSection
EndGlobal
